Microsoft Visual Studio Solution File, Format Version 12.00
# Visual Studio Version 17
VisualStudioVersion = 17.5.2.0
MinimumVisualStudioVersion = 10.0.40219.1
Project("{FAE04EC0-301F-11D3-BF4B-00C04F79EFBC}") = "PocketSqlApi", "PocketSqlApi.csproj", "{421BB565-8E4E-59CE-14B8-11FBE47F9AFA}"
EndProject
Global
	GlobalSection(SolutionConfigurationPlatforms) = preSolution
		Debug|Any CPU = Debug|Any CPU
		Release|Any CPU = Release|Any CPU
	EndGlobalSection
	GlobalSection(ProjectConfigurationPlatforms) = postSolution
		{421BB565-8E4E-59CE-14B8-11FBE47F9AFA}.Debug|Any CPU.ActiveCfg = Debug|Any CPU
		{421BB565-8E4E-59CE-14B8-11FBE47F9AFA}.Debug|Any CPU.Build.0 = Debug|Any CPU
		{421BB565-8E4E-59CE-14B8-11FBE47F9AFA}.Release|Any CPU.ActiveCfg = Release|Any CPU
		{421BB565-8E4E-59CE-14B8-11FBE47F9AFA}.Release|Any CPU.Build.0 = Release|Any CPU
	EndGlobalSection
	GlobalSection(SolutionProperties) = preSolution
		HideSolutionNode = FALSE
	EndGlobalSection
	GlobalSection(ExtensibilityGlobals) = postSolution
		SolutionGuid = {A95F106D-18B3-4A42-852E-5929ED84AEAB}
	EndGlobalSection
EndGlobal
